{
    "_readme": [
        "This file locks the dependencies of your project to a known state",
        "Read more about it at https://getcomposer.org/doc/01-basic-usage.md#composer-lock-the-lock-file",
        "This file is @generated automatically"
    ],
    "hash": "7554bccf73bf4dd6740c14e30d960c7a",
    "content-hash": "0a5d6343adf75f9bcffa1672e1393230",
    "packages": [
        {
            "name": "phpixie/database",
            "version": "3.2",
            "source": {
                "type": "git",
                "url": "https://github.com/PHPixie/Database.git",
                "reference": "ec67d70f5f36c732d6e73e474596b5351c9a21c9"
            },
            "dist": {
                "type": "zip",
                "url": "https://api.github.com/repos/PHPixie/Database/zipball/ec67d70f5f36c732d6e73e474596b5351c9a21c9",
                "reference": "ec67d70f5f36c732d6e73e474596b5351c9a21c9",
                "shasum": ""
            },
            "require": {
                "phpixie/slice": "~3.0"
            },
            "require-dev": {
                "phpixie/test": "~3.0"
            },
            "type": "library",
            "extra": {
                "branch-alias": {
                    "dev-master": "3.x-dev"
                }
            },
            "autoload": {
                "psr-4": {
                    "PHPixie\\": "src/PHPixie",
                    "PHPixie\\Tests\\": "tests/PHPixie/Tests"
                }
            },
            "notification-url": "https://packagist.org/downloads/",
            "license": [
                "BSD"
            ],
            "authors": [
                {
                    "name": "Roman Tsiupa",
                    "email": "draconyster@gmail.com",
                    "homepage": "http://dracony.org"
                }
            ],
            "description": "PHPixie Database library",
            "homepage": "http://phpixie.com",
            "keywords": [
                "database",
                "mysql",
                "postgresql",
                "sqlite"
            ],
            "time": "2016-01-12 15:18:10"
        },
        {
            "name": "phpixie/orm",
            "version": "3.1.1",
            "source": {
                "type": "git",
                "url": "https://github.com/PHPixie/ORM.git",
                "reference": "427a6fe3f89689855fd74f72d50d6d664ea0c2a2"
            },
            "dist": {
                "type": "zip",
                "url": "https://api.github.com/repos/PHPixie/ORM/zipball/427a6fe3f89689855fd74f72d50d6d664ea0c2a2",
                "reference": "427a6fe3f89689855fd74f72d50d6d664ea0c2a2",
                "shasum": ""
            },
            "require": {
                "phpixie/database": "~3.0",
                "phpixie/slice": "~3.0"
            },
            "require-dev": {
                "phpixie/test": "~3.0"
            },
            "type": "library",
            "extra": {
                "branch-alias": {
                    "dev-master": "3.x-dev"
                }
            },
            "autoload": {
                "psr-4": {
                    "PHPixie\\": "src/PHPixie",
                    "PHPixie\\Tests\\": "tests/PHPixie/Tests"
                }
            },
            "notification-url": "https://packagist.org/downloads/",
            "license": [
                "BSD"
            ],
            "authors": [
                {
                    "name": "Roman Tsiupa",
                    "email": "draconyster@gmail.com",
                    "homepage": "http://dracony.org"
                }
            ],
            "description": "ORM library for PHPixie",
            "homepage": "http://phpixie.com",
            "keywords": [
                "database",
                "orm"
            ],
            "time": "2015-10-27 21:35:09"
        },
        {
            "name": "phpixie/slice",
            "version": "3.1.1",
            "source": {
                "type": "git",
                "url": "https://github.com/PHPixie/Slice.git",
                "reference": "415d2c2ae576a27c12f8b54952dfc1193a7c9588"
            },
            "dist": {
                "type": "zip",
                "url": "https://api.github.com/repos/PHPixie/Slice/zipball/415d2c2ae576a27c12f8b54952dfc1193a7c9588",
                "reference": "415d2c2ae576a27c12f8b54952dfc1193a7c9588",
                "shasum": ""
            },
            "require-dev": {
                "phpixie/test": "~3.0"
            },
            "type": "library",
            "extra": {
                "branch-alias": {
                    "dev-master": "3.x-dev"
                }
            },
            "autoload": {
                "psr-4": {
                    "PHPixie\\": "src/PHPixie",
                    "PHPixie\\Tests\\": "tests/PHPixie/Tests"
                }
            },
            "notification-url": "https://packagist.org/downloads/",
            "license": [
                "BSD"
            ],
            "authors": [
                {
                    "name": "Roman Tsiupa",
                    "email": "draconyster@gmail.com",
                    "homepage": "http://dracony.org"
                }
            ],
            "description": "Slice library for PHPixie",
            "homepage": "http://phpixie.com",
            "keywords": [
                "array",
                "data",
                "parameters"
            ],
            "time": "2015-11-10 13:29:07"
        }
    ],
    "packages-dev": [],
    "aliases": [],
    "minimum-stability": "stable",
    "stability-flags": [],
    "prefer-stable": false,
    "prefer-lowest": false,
    "platform": [],
    "platform-dev": []
}
